// !$*UTF8*$!
{
	archiveVersion = 1;
	classes = {
	};
	objectVersion = 46;
	objects = {

/* Begin PBXBuildFile section */
		3AA71BA51B300E9300A0722C /* main.m in Sources */ = {isa = PBXBuildFile; fileRef = 3AA71BA41B300E9300A0722C /* main.m */; };
		3AA71BA81B300E9300A0722C /* AppDelegate.m in Sources */ = {isa = PBXBuildFile; fileRef = 3AA71BA71B300E9300A0722C /* AppDelegate.m */; };
		3AA71BAB1B300E9300A0722C /* ViewController.m in Sources */ = {isa = PBXBuildFile; fileRef = 3AA71BAA1B300E9300A0722C /* ViewController.m */; };
		3AA71BAE1B300E9300A0722C /* Main.storyboard in Resources */ = {isa = PBXBuildFile; fileRef = 3AA71BAC1B300E9300A0722C /* Main.storyboard */; };
		3AA71BB01B300E9300A0722C /* Images.xcassets in Resources */ = {isa = PBXBuildFile; fileRef = 3AA71BAF1B300E9300A0722C /* Images.xcassets */; };
		3AA71BB31B300E9300A0722C /* LaunchScreen.xib in Resources */ = {isa = PBXBuildFile; fileRef = 3AA71BB11B300E9300A0722C /* LaunchScreen.xib */; };
		3AA71BBF1B300E9400A0722C /* FirstAppTests.m in Sources */ = {isa = PBXBuildFile; fileRef = 3AA71BBE1B300E9400A0722C /* FirstAppTests.m */; };
/* End PBXBuildFile section */

/* Begin PBXContainerItemProxy section */
		3AA71BB91B300E9400A0722C /* PBXContainerItemProxy */ = {
			isa = PBXContainerItemProxy;
			containerPortal = 3AA71B971B300E9300A0722C /* Project object */;
			proxyType = 1;
			remoteGlobalIDString = 3AA71B9E1B300E9300A0722C;
			remoteInfo = FirstApp;
		};
/* End PBXContainerItemProxy section */

/* Begin PBXFileReference section */
		3AA71B9F1B300E9300A0722C /* FirstApp.app */ = {isa = PBXFileReference; explicitFileType = wrapper.application; includeInIndex = 0; path = FirstApp.app; sourceTree = BUILT_PRODUCTS_DIR; };
		3AA71BA31B300E9300A0722C /* Info.plist */ = {isa = PBXFileReference; lastKnownFileType = text.plist.xml; path = Info.plist; sourceTree = "<group>"; };
		3AA71BA41B300E9300A0722C /* main.m */ = {isa = PBXFileReference; lastKnownFileType = sourcecode.c.objc; path = main.m; sourceTree = "<group>"; };
		3AA71BA61B300E9300A0722C /* AppDelegate.h */ = {isa = PBXFileReference; lastKnownFileType = sourcecode.c.h; path = AppDelegate.h; sourceTree = "<group>"; };
		3AA71BA71B300E9300A0722C /* AppDelegate.m */ = {isa = PBXFileReference; lastKnownFileType = sourcecode.c.objc; path = AppDelegate.m; sourceTree = "<group>"; };
		3AA71BA91B300E9300A0722C /* ViewController.h */ = {isa = PBXFileReference; lastKnownFileType = sourcecode.c.h; path = ViewController.h; sourceTree = "<group>"; };
		3AA71BAA1B300E9300A0722C /* ViewController.m */ = {isa = PBXFileReference; lastKnownFileType = sourcecode.c.objc; path = ViewController.m; sourceTree = "<group>"; };
		3AA71BAD1B300E9300A0722C /* Base */ = {isa = PBXFileReference; lastKnownFileType = file.storyboard; name = Base; path = Base.lproj/Main.storyboard; sourceTree = "<group>"; };
		3AA71BAF1B300E9300A0722C /* Images.xcassets */ = {isa = PBXFileReference; lastKnownFileType = folder.assetcatalog; path = Images.xcassets; sourceTree = "<group>"; };
		3AA71BB21B300E9300A0722C /* Base */ = {isa = PBXFileReference; lastKnownFileType = file.xib; name = Base; path = Base.lproj/LaunchScreen.xib; sourceTree = "<group>"; };
		3AA71BB81B300E9400A0722C /* FirstAppTests.xctest */ = {isa = PBXFileReference; explicitFileType = wrapper.cfbundle; includeInIndex = 0; path = FirstAppTests.xctest; sourceTree = BUILT_PRODUCTS_DIR; };
		3AA71BBD1B300E9400A0722C /* Info.plist */ = {isa = PBXFileReference; lastKnownFileType = text.plist.xml; path = Info.plist; sourceTree = "<group>"; };
		3AA71BBE1B300E9400A0722C /* FirstAppTests.m */ = {isa = PBXFileReference; lastKnownFileType = sourcecode.c.objc; path = FirstAppTests.m; sourceTree = "<group>"; };
/* End PBXFileReference section */

/* Begin PBXFrameworksBuildPhase section */
		3AA71B9C1B300E9300A0722C /* Frameworks */ = {
			isa = PBXFrameworksBuildPhase;
			buildActionMask = 2147483647;
			files = (
			);
			runOnlyForDeploymentPostprocessing = 0;
		};
		3AA71BB51B300E9400A0722C /* Frameworks */ = {
			isa = PBXFrameworksBuildPhase;
			buildActionMask = 2147483647;
			files = (
			);
			runOnlyForDeploymentPostprocessing = 0;
		};
/* End PBXFrameworksBuildPhase section */

/* Begin PBXGroup section */
		3AA71B961B300E9300A0722C = {
			isa = PBXGroup;
			children = (
				3AA71BA11B300E9300A0722C /* FirstApp */,
				3AA71BBB1B300E9400A0722C /* FirstAppTests */,
				3AA71BA01B300E9300A0722C /* Products */,
			);
			sourceTree = "<group>";
		};
		3AA71BA01B300E9300A0722C /* Products */ = {
			isa = PBXGroup;
			children = (
				3AA71B9F1B300E9300A0722C /* FirstApp.app */,
				3AA71BB81B300E9400A0722C /* FirstAppTests.xctest */,
			);
			name = Products;
			sourceTree = "<group>";
		};
		3AA71BA11B300E9300A0722C /* FirstApp */ = {
			isa = PBXGroup;
			children = (
				3AA71BA61B300E9300A0722C /* AppDelegate.h */,
				3AA71BA71B300E9300A0722C /* AppDelegate.m */,
				3AA71BA91B300E9300A0722C /* ViewController.h */,
				3AA71BAA1B300E9300A0722C /* ViewController.m */,
				3AA71BAC1B300E9300A0722C /* Main.storyboard */,
				3AA71BAF1B300E9300A0722C /* Images.xcassets */,
				3AA71BB11B300E9300A0722C /* LaunchScreen.xib */,
				3AA71BA21B300E9300A0722C /* Supporting Files */,
			);
			path = FirstApp;
			sourceTree = "<group>";
		};
		3AA71BA21B300E9300A0722C /* Supporting Files */ = {
			isa = PBXGroup;
			children = (
				3AA71BA31B300E9300A0722C /* Info.plist */,
				3AA71BA41B300E9300A0722C /* main.m */,
			);
			name = "Supporting Files";
			sourceTree = "<group>";
		};
		3AA71BBB1B300E9400A0722C /* FirstAppTests */ = {
			isa = PBXGroup;
			children = (
				3AA71BBE1B300E9400A0722C /* FirstAppTests.m */,
				3AA71BBC1B300E9400A0722C /* Supporting Files */,
			);
			path = FirstAppTests;
			sourceTree = "<group>";
		};
		3AA71BBC1B300E9400A0722C /* Supporting Files */ = {
			isa = PBXGroup;
			children = (
				3AA71BBD1B300E9400A0722C /* Info.plist */,
			);
			name = "Supporting Files";
			sourceTree = "<group>";
		};
/* End PBXGroup section */

/* Begin PBXNativeTarget section */
		3AA71B9E1B300E9300A0722C /* FirstApp */ = {
			isa = PBXNativeTarget;
			buildConfigurationList = 3AA71BC21B300E9400A0722C /* Build configuration list for PBXNativeTarget "FirstApp" */;
			buildPhases = (
				3AA71B9B1B300E9300A0722C /* Sources */,
				3AA71B9C1B300E9300A0722C /* Frameworks */,
				3AA71B9D1B300E9300A0722C /* Resources */,
			);
			buildRules = (
			);
			dependencies = (
			);
			name = FirstApp;
			productName = FirstApp;
			productReference = 3AA71B9F1B300E9300A0722C /* FirstApp.app */;
			productType = "com.apple.product-type.application";
		};
		3AA71BB71B300E9400A0722C /* FirstAppTests */ = {
			isa = PBXNativeTarget;
			buildConfigurationList = 3AA71BC51B300E9400A0722C /* Build configuration list for PBXNativeTarget "FirstAppTests" */;
			buildPhases = (
				3AA71BB41B300E9400A0722C /* Sources */,
				3AA71BB51B300E9400A0722C /* Frameworks */,
				3AA71BB61B300E9400A0722C /* Resources */,
			);
			buildRules = (
			);
			dependencies = (
				3AA71BBA1B300E9400A0722C /* PBXTargetDependency */,
			);
			name = FirstAppTests;
			productName = FirstAppTests;
			productReference = 3AA71BB81B300E9400A0722C /* FirstAppTests.xctest */;
			productType = "com.apple.product-type.bundle.unit-test";
		};
/* End PBXNativeTarget section */

/* Begin PBXProject section */
		3AA71B971B300E9300A0722C /* Project object */ = {
			isa = PBXProject;
			attributes = {
				LastUpgradeCheck = 0610;
				ORGANIZATIONNAME = TuiCoding;
				TargetAttributes = {
					3AA71B9E1B300E9300A0722C = {
						CreatedOnToolsVersion = 6.1;
					};
					3AA71BB71B300E9400A0722C = {
						CreatedOnToolsVersion = 6.1;
						TestTargetID = 3AA71B9E1B300E9300A0722C;
					};
				};
			};
			buildConfigurationList = 3AA71B9A1B300E9300A0722C /* Build configuration list for PBXProject "FirstApp" */;
			compatibilityVersion = "Xcode 3.2";
			developmentRegion = English;
			hasScannedForEncodings = 0;
			knownRegions = (
				en,
				Base,
			);
			mainGroup = 3AA71B961B300E9300A0722C;
			productRefGroup = 3AA71BA01B300E9300A0722C /* Products */;
			projectDirPath = "";
			projectRoot = "";
			targets = (
				3AA71B9E1B300E9300A0722C /* FirstApp */,
				3AA71BB71B300E9400A0722C /* FirstAppTests */,
			);
		};
/* End PBXProject section */

/* Begin PBXResourcesBuildPhase section */
		3AA71B9D1B300E9300A0722C /* Resources */ = {
			isa = PBXResourcesBuildPhase;
			buildActionMask = 2147483647;
			files = (
				3AA71BAE1B300E9300A0722C /* Main.storyboard in Resources */,
				3AA71BB31B300E9300A0722C /* LaunchScreen.xib in Resources */,
				3AA71BB01B300E9300A0722C /* Images.xcassets in Resources */,
			);
			runOnlyForDeploymentPostprocessing = 0;
		};
		3AA71BB61B300E9400A0722C /* Resources */ = {
			isa = PBXResourcesBuildPhase;
			buildActionMask = 2147483647;
			files = (
			);
			runOnlyForDeploymentPostprocessing = 0;
		};
/* End PBXResourcesBuildPhase section */

/* Begin PBXSourcesBuildPhase section */
		3AA71B9B1B300E9300A0722C /* Sources */ = {
			isa = PBXSourcesBuildPhase;
			buildActionMask = 2147483647;
			files = (
				3AA71BAB1B300E9300A0722C /* ViewController.m in Sources */,
				3AA71BA81B300E9300A0722C /* AppDelegate.m in Sources */,
				3AA71BA51B300E9300A0722C /* main.m in Sources */,
			);
			runOnlyForDeploymentPostprocessing = 0;
		};
		3AA71BB41B300E9400A0722C /* Sources */ = {
			isa = PBXSourcesBuildPhase;
			buildActionMask = 2147483647;
			files = (
				3AA71BBF1B300E9400A0722C /* FirstAppTests.m in Sources */,
			);
			runOnlyForDeploymentPostprocessing = 0;
		};
/* End PBXSourcesBuildPhase section */

/* Begin PBXTargetDependency section */
		3AA71BBA1B300E9400A0722C /* PBXTargetDependency */ = {
			isa = PBXTargetDependency;
			target = 3AA71B9E1B300E9300A0722C /* FirstApp */;
			targetProxy = 3AA71BB91B300E9400A0722C /* PBXContainerItemProxy */;
		};
/* End PBXTargetDependency section */

/* Begin PBXVariantGroup section */
		3AA71BAC1B300E9300A0722C /* Main.storyboard */ = {
			isa = PBXVariantGroup;
			children = (
				3AA71BAD1B300E9300A0722C /* Base */,
			);
			name = Main.storyboard;
			sourceTree = "<group>";
		};
		3AA71BB11B300E9300A0722C /* LaunchScreen.xib */ = {
			isa = PBXVariantGroup;
			children = (
				3AA71BB21B300E9300A0722C /* Base */,
			);
			name = LaunchScreen.xib;
			sourceTree = "<group>";
		};
/* End PBXVariantGroup section */

/* Begin XCBuildConfiguration section */
		3AA71BC01B300E9400A0722C /* Debug */ = {
			isa = XCBuildConfiguration;
			buildSettings = {
				ALWAYS_SEARCH_USER_PATHS = NO;
				CLANG_CXX_LANGUAGE_STANDARD = "gnu++0x";
				CLANG_CXX_LIBRARY = "libc++";
				CLANG_ENABLE_MODULES = YES;
				CLANG_ENABLE_OBJC_ARC = YES;
				CLANG_WARN_BOOL_CONVERSION = YES;
				CLANG_WARN_CONSTANT_CONVERSION = YES;
				CLANG_WARN_DIRECT_OBJC_ISA_USAGE = YES_ERROR;
				CLANG_WARN_EMPTY_BODY = YES;
				CLANG_WARN_ENUM_CONVERSION = YES;
				CLANG_WARN_INT_CONVERSION = YES;
				CLANG_WARN_OBJC_ROOT_CLASS = YES_ERROR;
				CLANG_WARN_UNREACHABLE_CODE = YES;
				CLANG_WARN__DUPLICATE_METHOD_MATCH = YES;
				"CODE_SIGN_IDENTITY[sdk=iphoneos*]" = "iPhone Developer";
				COPY_PHASE_STRIP = NO;
				ENABLE_STRICT_OBJC_MSGSEND = YES;
				GCC_C_LANGUAGE_STANDARD = gnu99;
				GCC_DYNAMIC_NO_PIC = NO;
				GCC_OPTIMIZATION_LEVEL = 0;
				GCC_PREPROCESSOR_DEFINITIONS = (
					"DEBUG=1",
					"$(inherited)",
				);
				GCC_SYMBOLS_PRIVATE_EXTERN = NO;
				GCC_WARN_64_TO_32_BIT_CONVERSION = YES;
				GCC_WARN_ABOUT_RETURN_TYPE = YES_ERROR;
				GCC_WARN_UNDECLARED_SELECTOR = YES;
				GCC_WARN_UNINITIALIZED_AUTOS = YES_AGGRESSIVE;
				GCC_WARN_UNUSED_FUNCTION = YES;
				GCC_WARN_UNUSED_VARIABLE = YES;
				IPHONEOS_DEPLOYMENT_TARGET = 8.1;
				MTL_ENABLE_DEBUG_INFO = YES;
				ONLY_ACTIVE_ARCH = YES;
				SDKROOT = iphoneos;
			};
			name = Debug;
		};
		3AA71BC11B300E9400A0722C /* Release */ = {
			isa = XCBuildConfiguration;
			buildSettings = {
				ALWAYS_SEARCH_USER_PATHS = NO;
				CLANG_CXX_LANGUAGE_STANDARD = "gnu++0x";
				CLANG_CXX_LIBRARY = "libc++";
				CLANG_ENABLE_MODULES = YES;
				CLANG_ENABLE_OBJC_ARC = YES;
				CLANG_WARN_BOOL_CONVERSION = YES;
				CLANG_WARN_CONSTANT_CONVERSION = YES;
				CLANG_WARN_DIRECT_OBJC_ISA_USAGE = YES_ERROR;
				CLANG_WARN_EMPTY_BODY = YES;
				CLANG_WARN_ENUM_CONVERSION = YES;
				CLANG_WARN_INT_CONVERSION = YES;
				CLANG_WARN_OBJC_ROOT_CLASS = YES_ERROR;
				CLANG_WARN_UNREACHABLE_CODE = YES;
				CLANG_WARN__DUPLICATE_METHOD_MATCH = YES;
				"CODE_SIGN_IDENTITY[sdk=iphoneos*]" = "iPhone Developer";
				COPY_PHASE_STRIP = YES;
				ENABLE_NS_ASSERTIONS = NO;
				ENABLE_STRICT_OBJC_MSGSEND = YES;
				GCC_C_LANGUAGE_STANDARD = gnu99;
				GCC_WARN_64_TO_32_BIT_CONVERSION = YES;
				GCC_WARN_ABOUT_RETURN_TYPE = YES_ERROR;
				GCC_WARN_UNDECLARED_SELECTOR = YES;
				GCC_WARN_UNINITIALIZED_AUTOS = YES_AGGRESSIVE;
				GCC_WARN_UNUSED_FUNCTION = YES;
				GCC_WARN_UNUSED_VARIABLE = YES;
				IPHONEOS_DEPLOYMENT_TARGET = 8.1;
				MTL_ENABLE_DEBUG_INFO = NO;
				SDKROOT = iphoneos;
				VALIDATE_PRODUCT = YES;
			};
			name = Release;
		};
		3AA71BC31B300E9400A0722C /* Debug */ = {
			isa = XCBuildConfiguration;
			buildSettings = {
				ASSETCATALOG_COMPILER_APPICON_NAME = AppIcon;
				INFOPLIST_FILE = FirstApp/Info.plist;
				LD_RUNPATH_SEARCH_PATHS = "$(inherited) @executable_path/Frameworks";
				PRODUCT_NAME = "$(TARGET_NAME)";
			};
			name = Debug;
		};
		3AA71BC41B300E9400A0722C /* Release */ = {
			isa = XCBuildConfiguration;
			buildSettings = {
				ASSETCATALOG_COMPILER_APPICON_NAME = AppIcon;
				INFOPLIST_FILE = FirstApp/Info.plist;
				LD_RUNPATH_SEARCH_PATHS = "$(inherited) @executable_path/Frameworks";
				PRODUCT_NAME = "$(TARGET_NAME)";
			};
			name = Release;
		};
		3AA71BC61B300E9400A0722C /* Debug */ = {
			isa = XCBuildConfiguration;
			buildSettings = {
				BUNDLE_LOADER = "$(TEST_HOST)";
				FRAMEWORK_SEARCH_PATHS = (
					"$(SDKROOT)/Developer/Library/Frameworks",
					"$(inherited)",
				);
				GCC_PREPROCESSOR_DEFINITIONS = (
					"DEBUG=1",
					"$(inherited)",
				);
				INFOPLIST_FILE = FirstAppTests/Info.plist;
				LD_RUNPATH_SEARCH_PATHS = "$(inherited) @executable_path/Frameworks @loader_path/Frameworks";
				PRODUCT_NAME = "$(TARGET_NAME)";
				TEST_HOST = "$(BUILT_PRODUCTS_DIR)/FirstApp.app/FirstApp";
			};
			name = Debug;
		};
		3AA71BC71B300E9400A0722C /* Release */ = {
			isa = XCBuildConfiguration;
			buildSettings = {
				BUNDLE_LOADER = "$(TEST_HOST)";
				FRAMEWORK_SEARCH_PATHS = (
					"$(SDKROOT)/Developer/Library/Frameworks",
					"$(inherited)",
				);
				INFOPLIST_FILE = FirstAppTests/Info.plist;
				LD_RUNPATH_SEARCH_PATHS = "$(inherited) @executable_path/Frameworks @loader_path/Frameworks";
				PRODUCT_NAME = "$(TARGET_NAME)";
				TEST_HOST = "$(BUILT_PRODUCTS_DIR)/FirstApp.app/FirstApp";
			};
			name = Release;
		};
/* End XCBuildConfiguration section */

/* Begin XCConfigurationList section */
		3AA71B9A1B300E9300A0722C /* Build configuration list for PBXProject "FirstApp" */ = {
			isa = XCConfigurationList;
			buildConfigurations = (
				3AA71BC01B300E9400A0722C /* Debug */,
				3AA71BC11B300E9400A0722C /* Release */,
			);
			defaultConfigurationIsVisible = 0;
			defaultConfigurationName = Release;
		};
		3AA71BC21B300E9400A0722C /* Build configuration list for PBXNativeTarget "FirstApp" */ = {
			isa = XCConfigurationList;
			buildConfigurations = (
				3AA71BC31B300E9400A0722C /* Debug */,
				3AA71BC41B300E9400A0722C /* Release */,
			);
			defaultConfigurationIsVisible = 0;
		};
		3AA71BC51B300E9400A0722C /* Build configuration list for PBXNativeTarget "FirstAppTests" */ = {
			isa = XCConfigurationList;
			buildConfigurations = (
				3AA71BC61B300E9400A0722C /* Debug */,
				3AA71BC71B300E9400A0722C /* Release */,
			);
			defaultConfigurationIsVisible = 0;
		};
/* End XCConfigurationList section */
	};
	rootObject = 3AA71B971B300E9300A0722C /* Project object */;
}
